github.com/approvals/go-approval-tests v0.0.0-20220530063708-32d5677069bd h1:8j7sBEy0h6+Bvr0AeKHIHCsmzCzWGXAQweA7k+uiRYk=
github.com/approvals/go-approval-tests v0.0.0-20220530063708-32d5677069bd/go.mod h1:PJOqSY8IofNv3heAD6k8E7EfFS6okiSS9bSAasaAUME=
github.com/gomarkdown/markdown v0.0.0-20230716120725-531d2d74bc12 h1:uK3X/2mt4tbSGoHvbLBHUny7CKiuwUip3MArtukol4E=
github.com/gomarkdown/markdown v0.0.0-20230716120725-531d2d74bc12/go.mod h1:JDGcbDT52eL4fju3sZ4TeHGsQwhG9nbDV21aMyhwPoA=
golang.org/x/net v0.14.0 h1:BONx9s002vGdD9umnlX1Po8vOZmrgH34qlHcD1MfK14=
golang.org/x/net v0.14.0/go.mod h1:PpSgVXXLK0OxS0F31C1/tv6XNguvCrnXIDrFMspZIUI=
